
Microsoft Visual Studio Solution File, Format Version 12.00
# Visual Studio Version 17
VisualStudioVersion = 17.0.31903.59
MinimumVisualStudioVersion = 10.0.40219.1
Project("{FAE04EC0-301F-11D3-BF4B-00C04F79EFBC}") = "AdventOfCode", "AdventOfCode\AdventOfCode.csproj", "{B54CDFF8-9654-4647-9DDB-EC7D9FBFCCD8}"
EndProject
Project("{2150E333-8FDC-42A3-9474-1A3956D46DE8}") = "tests", "tests", "{0CDF2250-7AFF-4B9C-A694-F83AF5DF7CBE}"
EndProject
Project("{FAE04EC0-301F-11D3-BF4B-00C04F79EFBC}") = "AdventOfCode.Tests", "tests\AdventOfCode.Tests\AdventOfCode.Tests.csproj", "{3EFC6F79-4C23-45EE-8E33-48A55F32DCE4}"
EndProject
Global
	GlobalSection(SolutionConfigurationPlatforms) = preSolution
		Debug|Any CPU = Debug|Any CPU
		Release|Any CPU = Release|Any CPU
	EndGlobalSection
	GlobalSection(SolutionProperties) = preSolution
		HideSolutionNode = FALSE
	EndGlobalSection
	GlobalSection(ProjectConfigurationPlatforms) = postSolution
		{B54CDFF8-9654-4647-9DDB-EC7D9FBFCCD8}.Debug|Any CPU.ActiveCfg = Debug|Any CPU
		{B54CDFF8-9654-4647-9DDB-EC7D9FBFCCD8}.Debug|Any CPU.Build.0 = Debug|Any CPU
		{B54CDFF8-9654-4647-9DDB-EC7D9FBFCCD8}.Release|Any CPU.ActiveCfg = Release|Any CPU
		{B54CDFF8-9654-4647-9DDB-EC7D9FBFCCD8}.Release|Any CPU.Build.0 = Release|Any CPU
		{3EFC6F79-4C23-45EE-8E33-48A55F32DCE4}.Debug|Any CPU.ActiveCfg = Debug|Any CPU
		{3EFC6F79-4C23-45EE-8E33-48A55F32DCE4}.Debug|Any CPU.Build.0 = Debug|Any CPU
		{3EFC6F79-4C23-45EE-8E33-48A55F32DCE4}.Release|Any CPU.ActiveCfg = Release|Any CPU
		{3EFC6F79-4C23-45EE-8E33-48A55F32DCE4}.Release|Any CPU.Build.0 = Release|Any CPU
	EndGlobalSection
	GlobalSection(NestedProjects) = preSolution
		{3EFC6F79-4C23-45EE-8E33-48A55F32DCE4} = {0CDF2250-7AFF-4B9C-A694-F83AF5DF7CBE}
	EndGlobalSection
EndGlobal
